
Microsoft Visual Studio Solution File, Format Version 12.00
# Visual Studio Version 16
VisualStudioVersion = 16.0.34729.46
MinimumVisualStudioVersion = 10.0.40219.1
Project("{FAE04EC0-301F-11D3-BF4B-00C04F79EFBC}") = "WinFormsUI", "WinFormsUI\WinFormsUI.csproj", "{A3DACC50-98B3-4F43-8560-30B7608FB5C3}"
EndProject
Global
	GlobalSection(SolutionConfigurationPlatforms) = preSolution
		Debug|Any CPU = Debug|Any CPU
		Release|Any CPU = Release|Any CPU
	EndGlobalSection
	GlobalSection(ProjectConfigurationPlatforms) = postSolution
		{A3DACC50-98B3-4F43-8560-30B7608FB5C3}.Debug|Any CPU.ActiveCfg = Debug|Any CPU
		{A3DACC50-98B3-4F43-8560-30B7608FB5C3}.Debug|Any CPU.Build.0 = Debug|Any CPU
		{A3DACC50-98B3-4F43-8560-30B7608FB5C3}.Release|Any CPU.ActiveCfg = Release|Any CPU
		{A3DACC50-98B3-4F43-8560-30B7608FB5C3}.Release|Any CPU.Build.0 = Release|Any CPU
	EndGlobalSection
	GlobalSection(SolutionProperties) = preSolution
		HideSolutionNode = FALSE
	EndGlobalSection
	GlobalSection(ExtensibilityGlobals) = postSolution
		SolutionGuid = {27423488-F589-4689-ACA2-9C9A957BAD0E}
	EndGlobalSection
EndGlobal
